
Microsoft Visual Studio Solution File, Format Version 12.00
# Visual Studio 2013
VisualStudioVersion = 12.0.40629.0
MinimumVisualStudioVersion = 10.0.40219.1
Project("{888888A0-9F3D-457C-B088-3A5042F75D52}") = "WebBack6", "WebBack6\WebBack6.pyproj", "{614D1E46-872F-490F-ACD8-F594DC7BFA9F}"
EndProject
Global
	GlobalSection(SolutionConfigurationPlatforms) = preSolution
		Debug|Any CPU = Debug|Any CPU
		Release|Any CPU = Release|Any CPU
	EndGlobalSection
	GlobalSection(ProjectConfigurationPlatforms) = postSolution
		{614D1E46-872F-490F-ACD8-F594DC7BFA9F}.Debug|Any CPU.ActiveCfg = Debug|Any CPU
		{614D1E46-872F-490F-ACD8-F594DC7BFA9F}.Debug|Any CPU.Build.0 = Debug|Any CPU
		{614D1E46-872F-490F-ACD8-F594DC7BFA9F}.Release|Any CPU.ActiveCfg = Release|Any CPU
		{614D1E46-872F-490F-ACD8-F594DC7BFA9F}.Release|Any CPU.Build.0 = Release|Any CPU
	EndGlobalSection
	GlobalSection(SolutionProperties) = preSolution
		HideSolutionNode = FALSE
	EndGlobalSection
EndGlobal
